
Microsoft Visual Studio Solution File, Format Version 12.00
# Visual Studio 14
VisualStudioVersion = 14.0.25123.0
MinimumVisualStudioVersion = 10.0.40219.1
Project("{FAE04EC0-301F-11D3-BF4B-00C04F79EFBC}") = "Dapplo.Jenkins", "Dapplo.Jenkins\Dapplo.Jenkins.csproj", "{8DCD9A4C-A61A-45D2-ABFD-C38C62E2DFF0}"
EndProject
Project("{FAE04EC0-301F-11D3-BF4B-00C04F79EFBC}") = "Dapplo.Jenkins.Tests", "Dapplo.Jenkins.Tests\Dapplo.Jenkins.Tests.csproj", "{E6BAEB10-3D66-4F3A-8966-5A3AE9EA9BCE}"
EndProject
Project("{FAE04EC0-301F-11D3-BF4B-00C04F79EFBC}") = "Dapplo.Jenkins.Portable", "Dapplo.Jenkins.Portable\Dapplo.Jenkins.Portable.csproj", "{F5640977-51B3-4820-8FCD-3F00912A21D3}"
EndProject
Project("{D954291E-2A0B-460D-934E-DC6B0785DB48}") = "Dapplo.Jenkins.Shared", "Dapplo.Jenkins.Shared\Dapplo.Jenkins.Shared.shproj", "{99A5FE9B-E5CD-4FCA-9DF7-BD54DD524A1B}"
EndProject
Global
	GlobalSection(SharedMSBuildProjectFiles) = preSolution
		Dapplo.Jenkins.Shared\Dapplo.Jenkins.Shared.projitems*{f5640977-51b3-4820-8fcd-3f00912a21d3}*SharedItemsImports = 4
		Dapplo.Jenkins.Shared\Dapplo.Jenkins.Shared.projitems*{99a5fe9b-e5cd-4fca-9df7-bd54dd524a1b}*SharedItemsImports = 13
		Dapplo.Jenkins.Shared\Dapplo.Jenkins.Shared.projitems*{8dcd9a4c-a61a-45d2-abfd-c38c62e2dff0}*SharedItemsImports = 4
	EndGlobalSection
	GlobalSection(SolutionConfigurationPlatforms) = preSolution
		Debug|AnyCPU = Debug|AnyCPU
		Release|AnyCPU = Release|AnyCPU
	EndGlobalSection
	GlobalSection(ProjectConfigurationPlatforms) = postSolution
		{8DCD9A4C-A61A-45D2-ABFD-C38C62E2DFF0}.Debug|AnyCPU.ActiveCfg = Debug|Any CPU
		{8DCD9A4C-A61A-45D2-ABFD-C38C62E2DFF0}.Debug|AnyCPU.Build.0 = Debug|Any CPU
		{8DCD9A4C-A61A-45D2-ABFD-C38C62E2DFF0}.Release|AnyCPU.ActiveCfg = Release|Any CPU
		{8DCD9A4C-A61A-45D2-ABFD-C38C62E2DFF0}.Release|AnyCPU.Build.0 = Release|Any CPU
		{E6BAEB10-3D66-4F3A-8966-5A3AE9EA9BCE}.Debug|AnyCPU.ActiveCfg = Debug|Any CPU
		{E6BAEB10-3D66-4F3A-8966-5A3AE9EA9BCE}.Debug|AnyCPU.Build.0 = Debug|Any CPU
		{E6BAEB10-3D66-4F3A-8966-5A3AE9EA9BCE}.Release|AnyCPU.ActiveCfg = Release|Any CPU
		{E6BAEB10-3D66-4F3A-8966-5A3AE9EA9BCE}.Release|AnyCPU.Build.0 = Release|Any CPU
		{F5640977-51B3-4820-8FCD-3F00912A21D3}.Debug|AnyCPU.ActiveCfg = Debug|Any CPU
		{F5640977-51B3-4820-8FCD-3F00912A21D3}.Debug|AnyCPU.Build.0 = Debug|Any CPU
		{F5640977-51B3-4820-8FCD-3F00912A21D3}.Release|AnyCPU.ActiveCfg = Release|Any CPU
		{F5640977-51B3-4820-8FCD-3F00912A21D3}.Release|AnyCPU.Build.0 = Release|Any CPU
	EndGlobalSection
	GlobalSection(SolutionProperties) = preSolution
		HideSolutionNode = FALSE
	EndGlobalSection
EndGlobal
